
Microsoft Visual Studio Solution File, Format Version 12.00
# Visual Studio Version 17
VisualStudioVersion = 17.8.34322.80
MinimumVisualStudioVersion = 10.0.40219.1
Project("{9A19103F-16F7-4668-BE54-9A1E7A4F7556}") = "MostrandoCoisas000", "MostrandoCoisas000\MostrandoCoisas000.csproj", "{39432CF5-FF45-40F0-8E1C-FCC67BCF348E}"
EndProject
Global
	GlobalSection(SolutionConfigurationPlatforms) = preSolution
		Debug|Any CPU = Debug|Any CPU
		Release|Any CPU = Release|Any CPU
	EndGlobalSection
	GlobalSection(ProjectConfigurationPlatforms) = postSolution
		{39432CF5-FF45-40F0-8E1C-FCC67BCF348E}.Debug|Any CPU.ActiveCfg = Debug|Any CPU
		{39432CF5-FF45-40F0-8E1C-FCC67BCF348E}.Debug|Any CPU.Build.0 = Debug|Any CPU
		{39432CF5-FF45-40F0-8E1C-FCC67BCF348E}.Release|Any CPU.ActiveCfg = Release|Any CPU
		{39432CF5-FF45-40F0-8E1C-FCC67BCF348E}.Release|Any CPU.Build.0 = Release|Any CPU
	EndGlobalSection
	GlobalSection(SolutionProperties) = preSolution
		HideSolutionNode = FALSE
	EndGlobalSection
	GlobalSection(ExtensibilityGlobals) = postSolution
		SolutionGuid = {4DC13123-CF94-4F5F-836B-2EBC82823932}
	EndGlobalSection
EndGlobal
